
Microsoft Visual Studio Solution File, Format Version 12.00
# Visual Studio for Mac
Project("{FAE04EC0-301F-11D3-BF4B-00C04F79EFBC}") = "Assembly-CSharp", "Assembly-CSharp.csproj", "{7757FCDA-44C1-66C5-9560-098FD9378381}"
EndProject
Project("{FAE04EC0-301F-11D3-BF4B-00C04F79EFBC}") = "Assembly-CSharp-firstpass", "Assembly-CSharp-firstpass.csproj", "{BDC10010-3687-C80D-538D-46243BE42EAD}"
EndProject
Project("{FAE04EC0-301F-11D3-BF4B-00C04F79EFBC}") = "Assembly-CSharp-Editor", "Assembly-CSharp-Editor.csproj", "{AFD3126E-F6E9-C35C-D8A7-048C78D71CB4}"
EndProject
Global
	GlobalSection(SolutionConfigurationPlatforms) = preSolution
		Debug|Any CPU = Debug|Any CPU
		Release|Any CPU = Release|Any CPU
	EndGlobalSection
	GlobalSection(ProjectConfigurationPlatforms) = postSolution
		{7757FCDA-44C1-66C5-9560-098FD9378381}.Debug|Any CPU.ActiveCfg = Debug|Any CPU
		{7757FCDA-44C1-66C5-9560-098FD9378381}.Debug|Any CPU.Build.0 = Debug|Any CPU
		{7757FCDA-44C1-66C5-9560-098FD9378381}.Release|Any CPU.ActiveCfg = Release|Any CPU
		{7757FCDA-44C1-66C5-9560-098FD9378381}.Release|Any CPU.Build.0 = Release|Any CPU
		{BDC10010-3687-C80D-538D-46243BE42EAD}.Debug|Any CPU.ActiveCfg = Debug|Any CPU
		{BDC10010-3687-C80D-538D-46243BE42EAD}.Debug|Any CPU.Build.0 = Debug|Any CPU
		{BDC10010-3687-C80D-538D-46243BE42EAD}.Release|Any CPU.ActiveCfg = Release|Any CPU
		{BDC10010-3687-C80D-538D-46243BE42EAD}.Release|Any CPU.Build.0 = Release|Any CPU
		{AFD3126E-F6E9-C35C-D8A7-048C78D71CB4}.Debug|Any CPU.ActiveCfg = Debug|Any CPU
		{AFD3126E-F6E9-C35C-D8A7-048C78D71CB4}.Debug|Any CPU.Build.0 = Debug|Any CPU
		{AFD3126E-F6E9-C35C-D8A7-048C78D71CB4}.Release|Any CPU.ActiveCfg = Release|Any CPU
		{AFD3126E-F6E9-C35C-D8A7-048C78D71CB4}.Release|Any CPU.Build.0 = Release|Any CPU
	EndGlobalSection
	GlobalSection(SolutionProperties) = preSolution
		HideSolutionNode = FALSE
	EndGlobalSection
EndGlobal
